
Microsoft Visual Studio Solution File, Format Version 12.00
# Visual Studio 15
VisualStudioVersion = 15.0.26124.0
MinimumVisualStudioVersion = 15.0.26124.0
Project("{FAE04EC0-301F-11D3-BF4B-00C04F79EFBC}") = "Text", "Text\Text.csproj", "{45152A2B-EC62-4DDA-85AD-BEAD633734D4}"
EndProject
Project("{FAE04EC0-301F-11D3-BF4B-00C04F79EFBC}") = "Text.Tests", "Text.Tests\Text.Tests.csproj", "{3526674C-1916-47EB-A451-084893BB9CCE}"
EndProject
Global
	GlobalSection(SolutionConfigurationPlatforms) = preSolution
		Debug|Any CPU = Debug|Any CPU
		Debug|x64 = Debug|x64
		Debug|x86 = Debug|x86
		Release|Any CPU = Release|Any CPU
		Release|x64 = Release|x64
		Release|x86 = Release|x86
	EndGlobalSection
	GlobalSection(SolutionProperties) = preSolution
		HideSolutionNode = FALSE
	EndGlobalSection
	GlobalSection(ProjectConfigurationPlatforms) = postSolution
		{45152A2B-EC62-4DDA-85AD-BEAD633734D4}.Debug|Any CPU.ActiveCfg = Debug|Any CPU
		{45152A2B-EC62-4DDA-85AD-BEAD633734D4}.Debug|Any CPU.Build.0 = Debug|Any CPU
		{45152A2B-EC62-4DDA-85AD-BEAD633734D4}.Debug|x64.ActiveCfg = Debug|Any CPU
		{45152A2B-EC62-4DDA-85AD-BEAD633734D4}.Debug|x64.Build.0 = Debug|Any CPU
		{45152A2B-EC62-4DDA-85AD-BEAD633734D4}.Debug|x86.ActiveCfg = Debug|Any CPU
		{45152A2B-EC62-4DDA-85AD-BEAD633734D4}.Debug|x86.Build.0 = Debug|Any CPU
		{45152A2B-EC62-4DDA-85AD-BEAD633734D4}.Release|Any CPU.ActiveCfg = Release|Any CPU
		{45152A2B-EC62-4DDA-85AD-BEAD633734D4}.Release|Any CPU.Build.0 = Release|Any CPU
		{45152A2B-EC62-4DDA-85AD-BEAD633734D4}.Release|x64.ActiveCfg = Release|Any CPU
		{45152A2B-EC62-4DDA-85AD-BEAD633734D4}.Release|x64.Build.0 = Release|Any CPU
		{45152A2B-EC62-4DDA-85AD-BEAD633734D4}.Release|x86.ActiveCfg = Release|Any CPU
		{45152A2B-EC62-4DDA-85AD-BEAD633734D4}.Release|x86.Build.0 = Release|Any CPU
		{3526674C-1916-47EB-A451-084893BB9CCE}.Debug|Any CPU.ActiveCfg = Debug|Any CPU
		{3526674C-1916-47EB-A451-084893BB9CCE}.Debug|Any CPU.Build.0 = Debug|Any CPU
		{3526674C-1916-47EB-A451-084893BB9CCE}.Debug|x64.ActiveCfg = Debug|Any CPU
		{3526674C-1916-47EB-A451-084893BB9CCE}.Debug|x64.Build.0 = Debug|Any CPU
		{3526674C-1916-47EB-A451-084893BB9CCE}.Debug|x86.ActiveCfg = Debug|Any CPU
		{3526674C-1916-47EB-A451-084893BB9CCE}.Debug|x86.Build.0 = Debug|Any CPU
		{3526674C-1916-47EB-A451-084893BB9CCE}.Release|Any CPU.ActiveCfg = Release|Any CPU
		{3526674C-1916-47EB-A451-084893BB9CCE}.Release|Any CPU.Build.0 = Release|Any CPU
		{3526674C-1916-47EB-A451-084893BB9CCE}.Release|x64.ActiveCfg = Release|Any CPU
		{3526674C-1916-47EB-A451-084893BB9CCE}.Release|x64.Build.0 = Release|Any CPU
		{3526674C-1916-47EB-A451-084893BB9CCE}.Release|x86.ActiveCfg = Release|Any CPU
		{3526674C-1916-47EB-A451-084893BB9CCE}.Release|x86.Build.0 = Release|Any CPU
	EndGlobalSection
EndGlobal
